
Microsoft Visual Studio Solution File, Format Version 12.00
# Visual Studio Version 17
VisualStudioVersion = 17.10.35004.147
MinimumVisualStudioVersion = 10.0.40219.1
Project("{9A19103F-16F7-4668-BE54-9A1E7A4F7556}") = "Reservas.DataLayer", "Reservas.DataLayer\Reservas.DataLayer.csproj", "{18236142-706E-4BBF-82A6-D17EF88ED100}"
EndProject
Project("{9A19103F-16F7-4668-BE54-9A1E7A4F7556}") = "Reservas.ServiceLayer", "Reservas.ServiceLayer\Reservas.ServiceLayer.csproj", "{695D71C7-AC85-4AA1-A80B-98FBFD7565B4}"
EndProject
Project("{9A19103F-16F7-4668-BE54-9A1E7A4F7556}") = "Reservas.Api", "Reservas.Api\Reservas.Api.csproj", "{FD26CD3E-1292-4DFF-A01F-24CCAB0366EA}"
EndProject
Global
	GlobalSection(SolutionConfigurationPlatforms) = preSolution
		Debug|Any CPU = Debug|Any CPU
		Release|Any CPU = Release|Any CPU
	EndGlobalSection
	GlobalSection(ProjectConfigurationPlatforms) = postSolution
		{18236142-706E-4BBF-82A6-D17EF88ED100}.Debug|Any CPU.ActiveCfg = Debug|Any CPU
		{18236142-706E-4BBF-82A6-D17EF88ED100}.Debug|Any CPU.Build.0 = Debug|Any CPU
		{18236142-706E-4BBF-82A6-D17EF88ED100}.Release|Any CPU.ActiveCfg = Release|Any CPU
		{18236142-706E-4BBF-82A6-D17EF88ED100}.Release|Any CPU.Build.0 = Release|Any CPU
		{695D71C7-AC85-4AA1-A80B-98FBFD7565B4}.Debug|Any CPU.ActiveCfg = Debug|Any CPU
		{695D71C7-AC85-4AA1-A80B-98FBFD7565B4}.Debug|Any CPU.Build.0 = Debug|Any CPU
		{695D71C7-AC85-4AA1-A80B-98FBFD7565B4}.Release|Any CPU.ActiveCfg = Release|Any CPU
		{695D71C7-AC85-4AA1-A80B-98FBFD7565B4}.Release|Any CPU.Build.0 = Release|Any CPU
		{FD26CD3E-1292-4DFF-A01F-24CCAB0366EA}.Debug|Any CPU.ActiveCfg = Debug|Any CPU
		{FD26CD3E-1292-4DFF-A01F-24CCAB0366EA}.Debug|Any CPU.Build.0 = Debug|Any CPU
		{FD26CD3E-1292-4DFF-A01F-24CCAB0366EA}.Release|Any CPU.ActiveCfg = Release|Any CPU
		{FD26CD3E-1292-4DFF-A01F-24CCAB0366EA}.Release|Any CPU.Build.0 = Release|Any CPU
	EndGlobalSection
	GlobalSection(SolutionProperties) = preSolution
		HideSolutionNode = FALSE
	EndGlobalSection
	GlobalSection(ExtensibilityGlobals) = postSolution
		SolutionGuid = {ADF39070-47B7-4C31-BA78-BFFAE2450F30}
	EndGlobalSection
EndGlobal
